
Microsoft Visual Studio Solution File, Format Version 12.00
# Visual Studio Version 17
VisualStudioVersion = 17.14.36310.24 d17.14
MinimumVisualStudioVersion = 10.0.40219.1
Project("{FAE04EC0-301F-11D3-BF4B-00C04F79EFBC}") = "WelcomeToADONET", "WelcomeToADONET\WelcomeToADONET.csproj", "{2ACFBFA5-9210-4A42-9491-7A35EC138368}"
EndProject
Project("{FAE04EC0-301F-11D3-BF4B-00C04F79EFBC}") = "AdoDotNet", "AdoDotNet\AdoDotNet.csproj", "{D8760457-95B1-4610-A374-4C98DACC5595}"
EndProject
Global
	GlobalSection(SolutionConfigurationPlatforms) = preSolution
		Debug|Any CPU = Debug|Any CPU
		Release|Any CPU = Release|Any CPU
	EndGlobalSection
	GlobalSection(ProjectConfigurationPlatforms) = postSolution
		{2ACFBFA5-9210-4A42-9491-7A35EC138368}.Debug|Any CPU.ActiveCfg = Debug|Any CPU
		{2ACFBFA5-9210-4A42-9491-7A35EC138368}.Debug|Any CPU.Build.0 = Debug|Any CPU
		{2ACFBFA5-9210-4A42-9491-7A35EC138368}.Release|Any CPU.ActiveCfg = Release|Any CPU
		{2ACFBFA5-9210-4A42-9491-7A35EC138368}.Release|Any CPU.Build.0 = Release|Any CPU
		{D8760457-95B1-4610-A374-4C98DACC5595}.Debug|Any CPU.ActiveCfg = Debug|Any CPU
		{D8760457-95B1-4610-A374-4C98DACC5595}.Debug|Any CPU.Build.0 = Debug|Any CPU
		{D8760457-95B1-4610-A374-4C98DACC5595}.Release|Any CPU.ActiveCfg = Release|Any CPU
		{D8760457-95B1-4610-A374-4C98DACC5595}.Release|Any CPU.Build.0 = Release|Any CPU
	EndGlobalSection
	GlobalSection(SolutionProperties) = preSolution
		HideSolutionNode = FALSE
	EndGlobalSection
	GlobalSection(ExtensibilityGlobals) = postSolution
		SolutionGuid = {716564B1-D0B7-43DB-B434-FA071172159D}
	EndGlobalSection
EndGlobal
