
Microsoft Visual Studio Solution File, Format Version 12.00
# Visual Studio Version 17
VisualStudioVersion = 17.14.36310.24 d17.14
MinimumVisualStudioVersion = 10.0.40219.1
Project("{FAE04EC0-301F-11D3-BF4B-00C04F79EFBC}") = "BankingApp", "BankingApp\BankingApp.csproj", "{B08378F8-7E13-4447-A454-C3FD4D25BA25}"
EndProject
Global
	GlobalSection(SolutionConfigurationPlatforms) = preSolution
		Debug|Any CPU = Debug|Any CPU
		Release|Any CPU = Release|Any CPU
	EndGlobalSection
	GlobalSection(ProjectConfigurationPlatforms) = postSolution
		{B08378F8-7E13-4447-A454-C3FD4D25BA25}.Debug|Any CPU.ActiveCfg = Debug|Any CPU
		{B08378F8-7E13-4447-A454-C3FD4D25BA25}.Debug|Any CPU.Build.0 = Debug|Any CPU
		{B08378F8-7E13-4447-A454-C3FD4D25BA25}.Release|Any CPU.ActiveCfg = Release|Any CPU
		{B08378F8-7E13-4447-A454-C3FD4D25BA25}.Release|Any CPU.Build.0 = Release|Any CPU
	EndGlobalSection
	GlobalSection(SolutionProperties) = preSolution
		HideSolutionNode = FALSE
	EndGlobalSection
	GlobalSection(ExtensibilityGlobals) = postSolution
		SolutionGuid = {1215D049-1996-426B-A916-5158DD01F0BC}
	EndGlobalSection
EndGlobal
