
Microsoft Visual Studio Solution File, Format Version 12.00
# Visual Studio Version 17
VisualStudioVersion = 17.14.36310.24 d17.14
MinimumVisualStudioVersion = 10.0.40219.1
Project("{FAE04EC0-301F-11D3-BF4B-00C04F79EFBC}") = "EmployeeManagement", "EmployeeManagement\EmployeeManagement.csproj", "{BB12BB2D-D14E-4A58-9D52-36385E06BA72}"
EndProject
Global
	GlobalSection(SolutionConfigurationPlatforms) = preSolution
		Debug|Any CPU = Debug|Any CPU
		Release|Any CPU = Release|Any CPU
	EndGlobalSection
	GlobalSection(ProjectConfigurationPlatforms) = postSolution
		{BB12BB2D-D14E-4A58-9D52-36385E06BA72}.Debug|Any CPU.ActiveCfg = Debug|Any CPU
		{BB12BB2D-D14E-4A58-9D52-36385E06BA72}.Debug|Any CPU.Build.0 = Debug|Any CPU
		{BB12BB2D-D14E-4A58-9D52-36385E06BA72}.Release|Any CPU.ActiveCfg = Release|Any CPU
		{BB12BB2D-D14E-4A58-9D52-36385E06BA72}.Release|Any CPU.Build.0 = Release|Any CPU
	EndGlobalSection
	GlobalSection(SolutionProperties) = preSolution
		HideSolutionNode = FALSE
	EndGlobalSection
	GlobalSection(ExtensibilityGlobals) = postSolution
		SolutionGuid = {0669F29D-ED0E-4E30-8144-70E8F52D7403}
	EndGlobalSection
EndGlobal
